// !$*UTF8*$!
{
	archiveVersion = 1;
	classes = {
	};
	objectVersion = 46;
	objects = {

/* Begin PBXBuildFile section */
		C6861D771E96E4E7008A0C2C /* TCPSession.h in Headers */ = {isa = PBXBuildFile; fileRef = C6861D761E96E4E7008A0C2C /* TCPSession.h */; };
		C6861D791E96E4E7008A0C2C /* TCPSession.m in Sources */ = {isa = PBXBuildFile; fileRef = C6861D781E96E4E7008A0C2C /* TCPSession.m */; };
		C6DB88531E984B6000B68692 /* TCPSessionTests.m in Sources */ = {isa = PBXBuildFile; fileRef = C6DB88521E984B6000B68692 /* TCPSessionTests.m */; };
		C6DB88551E984B6000B68692 /* libTCPSession.a in Frameworks */ = {isa = PBXBuildFile; fileRef = C6861D731E96E4E7008A0C2C /* libTCPSession.a */; };
/* End PBXBuildFile section */

/* Begin PBXContainerItemProxy section */
		C6DB88561E984B6000B68692 /* PBXContainerItemProxy */ = {
			isa = PBXContainerItemProxy;
			containerPortal = C6861D6B1E96E4E6008A0C2C /* Project object */;
			proxyType = 1;
			remoteGlobalIDString = C6861D721E96E4E6008A0C2C;
			remoteInfo = TCPSession;
		};
/* End PBXContainerItemProxy section */

/* Begin PBXFileReference section */
		C6861D731E96E4E7008A0C2C /* libTCPSession.a */ = {isa = PBXFileReference; explicitFileType = archive.ar; includeInIndex = 0; path = libTCPSession.a; sourceTree = BUILT_PRODUCTS_DIR; };
		C6861D761E96E4E7008A0C2C /* TCPSession.h */ = {isa = PBXFileReference; lastKnownFileType = sourcecode.c.h; path = TCPSession.h; sourceTree = "<group>"; };
		C6861D781E96E4E7008A0C2C /* TCPSession.m */ = {isa = PBXFileReference; lastKnownFileType = sourcecode.c.objc; path = TCPSession.m; sourceTree = "<group>"; };
		C6DB88501E984B6000B68692 /* TCPSessionTests.xctest */ = {isa = PBXFileReference; explicitFileType = wrapper.cfbundle; includeInIndex = 0; path = TCPSessionTests.xctest; sourceTree = BUILT_PRODUCTS_DIR; };
		C6DB88521E984B6000B68692 /* TCPSessionTests.m */ = {isa = PBXFileReference; lastKnownFileType = sourcecode.c.objc; path = TCPSessionTests.m; sourceTree = "<group>"; };
		C6DB88541E984B6000B68692 /* Info.plist */ = {isa = PBXFileReference; lastKnownFileType = text.plist.xml; path = Info.plist; sourceTree = "<group>"; };
/* End PBXFileReference section */

/* Begin PBXFrameworksBuildPhase section */
		C6861D701E96E4E6008A0C2C /* Frameworks */ = {
			isa = PBXFrameworksBuildPhase;
			buildActionMask = 2147483647;
			files = (
			);
			runOnlyForDeploymentPostprocessing = 0;
		};
		C6DB884D1E984B6000B68692 /* Frameworks */ = {
			isa = PBXFrameworksBuildPhase;
			buildActionMask = 2147483647;
			files = (
				C6DB88551E984B6000B68692 /* libTCPSession.a in Frameworks */,
			);
			runOnlyForDeploymentPostprocessing = 0;
		};
/* End PBXFrameworksBuildPhase section */

/* Begin PBXGroup section */
		C6861D6A1E96E4E6008A0C2C = {
			isa = PBXGroup;
			children = (
				C6861D751E96E4E7008A0C2C /* TCPSession */,
				C6DB88511E984B6000B68692 /* TCPSessionTests */,
				C6861D741E96E4E7008A0C2C /* Products */,
			);
			sourceTree = "<group>";
		};
		C6861D741E96E4E7008A0C2C /* Products */ = {
			isa = PBXGroup;
			children = (
				C6861D731E96E4E7008A0C2C /* libTCPSession.a */,
				C6DB88501E984B6000B68692 /* TCPSessionTests.xctest */,
			);
			name = Products;
			sourceTree = "<group>";
		};
		C6861D751E96E4E7008A0C2C /* TCPSession */ = {
			isa = PBXGroup;
			children = (
				C6861D761E96E4E7008A0C2C /* TCPSession.h */,
				C6861D781E96E4E7008A0C2C /* TCPSession.m */,
			);
			path = TCPSession;
			sourceTree = "<group>";
		};
		C6DB88511E984B6000B68692 /* TCPSessionTests */ = {
			isa = PBXGroup;
			children = (
				C6DB88521E984B6000B68692 /* TCPSessionTests.m */,
				C6DB88541E984B6000B68692 /* Info.plist */,
			);
			path = TCPSessionTests;
			sourceTree = "<group>";
		};
/* End PBXGroup section */

/* Begin PBXHeadersBuildPhase section */
		C6861D711E96E4E6008A0C2C /* Headers */ = {
			isa = PBXHeadersBuildPhase;
			buildActionMask = 2147483647;
			files = (
				C6861D771E96E4E7008A0C2C /* TCPSession.h in Headers */,
			);
			runOnlyForDeploymentPostprocessing = 0;
		};
/* End PBXHeadersBuildPhase section */

/* Begin PBXNativeTarget section */
		C6861D721E96E4E6008A0C2C /* TCPSession */ = {
			isa = PBXNativeTarget;
			buildConfigurationList = C6861D7C1E96E4E7008A0C2C /* Build configuration list for PBXNativeTarget "TCPSession" */;
			buildPhases = (
				C6861D6F1E96E4E6008A0C2C /* Sources */,
				C6861D701E96E4E6008A0C2C /* Frameworks */,
				C6861D711E96E4E6008A0C2C /* Headers */,
			);
			buildRules = (
			);
			dependencies = (
			);
			name = TCPSession;
			productName = TCPSession;
			productReference = C6861D731E96E4E7008A0C2C /* libTCPSession.a */;
			productType = "com.apple.product-type.library.static";
		};
		C6DB884F1E984B6000B68692 /* TCPSessionTests */ = {
			isa = PBXNativeTarget;
			buildConfigurationList = C6DB885A1E984B6000B68692 /* Build configuration list for PBXNativeTarget "TCPSessionTests" */;
			buildPhases = (
				C6DB884C1E984B6000B68692 /* Sources */,
				C6DB884D1E984B6000B68692 /* Frameworks */,
				C6DB884E1E984B6000B68692 /* Resources */,
			);
			buildRules = (
			);
			dependencies = (
				C6DB88571E984B6000B68692 /* PBXTargetDependency */,
			);
			name = TCPSessionTests;
			productName = TCPSessionTests;
			productReference = C6DB88501E984B6000B68692 /* TCPSessionTests.xctest */;
			productType = "com.apple.product-type.bundle.unit-test";
		};
/* End PBXNativeTarget section */

/* Begin PBXProject section */
		C6861D6B1E96E4E6008A0C2C /* Project object */ = {
			isa = PBXProject;
			attributes = {
				LastUpgradeCheck = 0830;
				ORGANIZATIONNAME = "Instrumentality of Mankind";
				TargetAttributes = {
					C6861D721E96E4E6008A0C2C = {
						CreatedOnToolsVersion = 8.3;
						DevelopmentTeam = G9SC48NK42;
						ProvisioningStyle = Automatic;
					};
					C6DB884F1E984B6000B68692 = {
						CreatedOnToolsVersion = 8.3;
						DevelopmentTeam = G9SC48NK42;
						ProvisioningStyle = Automatic;
					};
				};
			};
			buildConfigurationList = C6861D6E1E96E4E6008A0C2C /* Build configuration list for PBXProject "TCPSession" */;
			compatibilityVersion = "Xcode 3.2";
			developmentRegion = English;
			hasScannedForEncodings = 0;
			knownRegions = (
				en,
			);
			mainGroup = C6861D6A1E96E4E6008A0C2C;
			productRefGroup = C6861D741E96E4E7008A0C2C /* Products */;
			projectDirPath = "";
			projectRoot = "";
			targets = (
				C6861D721E96E4E6008A0C2C /* TCPSession */,
				C6DB884F1E984B6000B68692 /* TCPSessionTests */,
			);
		};
/* End PBXProject section */

/* Begin PBXResourcesBuildPhase section */
		C6DB884E1E984B6000B68692 /* Resources */ = {
			isa = PBXResourcesBuildPhase;
			buildActionMask = 2147483647;
			files = (
			);
			runOnlyForDeploymentPostprocessing = 0;
		};
/* End PBXResourcesBuildPhase section */

/* Begin PBXSourcesBuildPhase section */
		C6861D6F1E96E4E6008A0C2C /* Sources */ = {
			isa = PBXSourcesBuildPhase;
			buildActionMask = 2147483647;
			files = (
				C6861D791E96E4E7008A0C2C /* TCPSession.m in Sources */,
			);
			runOnlyForDeploymentPostprocessing = 0;
		};
		C6DB884C1E984B6000B68692 /* Sources */ = {
			isa = PBXSourcesBuildPhase;
			buildActionMask = 2147483647;
			files = (
				C6DB88531E984B6000B68692 /* TCPSessionTests.m in Sources */,
			);
			runOnlyForDeploymentPostprocessing = 0;
		};
/* End PBXSourcesBuildPhase section */

/* Begin PBXTargetDependency section */
		C6DB88571E984B6000B68692 /* PBXTargetDependency */ = {
			isa = PBXTargetDependency;
			target = C6861D721E96E4E6008A0C2C /* TCPSession */;
			targetProxy = C6DB88561E984B6000B68692 /* PBXContainerItemProxy */;
		};
/* End PBXTargetDependency section */

/* Begin XCBuildConfiguration section */
		C6861D7A1E96E4E7008A0C2C /* Debug */ = {
			isa = XCBuildConfiguration;
			buildSettings = {
				ALWAYS_SEARCH_USER_PATHS = NO;
				CLANG_ANALYZER_NONNULL = YES;
				CLANG_ANALYZER_NUMBER_OBJECT_CONVERSION = YES_AGGRESSIVE;
				CLANG_CXX_LANGUAGE_STANDARD = "gnu++0x";
				CLANG_CXX_LIBRARY = "libc++";
				CLANG_ENABLE_MODULES = YES;
				CLANG_ENABLE_OBJC_ARC = YES;
				CLANG_WARN_BOOL_CONVERSION = YES;
				CLANG_WARN_CONSTANT_CONVERSION = YES;
				CLANG_WARN_DIRECT_OBJC_ISA_USAGE = YES_ERROR;
				CLANG_WARN_DOCUMENTATION_COMMENTS = YES;
				CLANG_WARN_EMPTY_BODY = YES;
				CLANG_WARN_ENUM_CONVERSION = YES;
				CLANG_WARN_INFINITE_RECURSION = YES;
				CLANG_WARN_INT_CONVERSION = YES;
				CLANG_WARN_OBJC_ROOT_CLASS = YES_ERROR;
				CLANG_WARN_SUSPICIOUS_MOVE = YES;
				CLANG_WARN_UNREACHABLE_CODE = YES;
				CLANG_WARN__DUPLICATE_METHOD_MATCH = YES;
				CODE_SIGN_IDENTITY = "-";
				COPY_PHASE_STRIP = NO;
				DEBUG_INFORMATION_FORMAT = dwarf;
				ENABLE_STRICT_OBJC_MSGSEND = YES;
				ENABLE_TESTABILITY = YES;
				GCC_C_LANGUAGE_STANDARD = gnu99;
				GCC_DYNAMIC_NO_PIC = NO;
				GCC_NO_COMMON_BLOCKS = YES;
				GCC_OPTIMIZATION_LEVEL = 0;
				GCC_PREPROCESSOR_DEFINITIONS = (
					"DEBUG=1",
					"$(inherited)",
				);
				GCC_WARN_64_TO_32_BIT_CONVERSION = YES;
				GCC_WARN_ABOUT_RETURN_TYPE = YES_ERROR;
				GCC_WARN_UNDECLARED_SELECTOR = YES;
				GCC_WARN_UNINITIALIZED_AUTOS = YES_AGGRESSIVE;
				GCC_WARN_UNUSED_FUNCTION = YES;
				GCC_WARN_UNUSED_VARIABLE = YES;
				MACOSX_DEPLOYMENT_TARGET = 10.12;
				MTL_ENABLE_DEBUG_INFO = YES;
				ONLY_ACTIVE_ARCH = YES;
				SDKROOT = macosx;
			};
			name = Debug;
		};
		C6861D7B1E96E4E7008A0C2C /* Release */ = {
			isa = XCBuildConfiguration;
			buildSettings = {
				ALWAYS_SEARCH_USER_PATHS = NO;
				CLANG_ANALYZER_NONNULL = YES;
				CLANG_ANALYZER_NUMBER_OBJECT_CONVERSION = YES_AGGRESSIVE;
				CLANG_CXX_LANGUAGE_STANDARD = "gnu++0x";
				CLANG_CXX_LIBRARY = "libc++";
				CLANG_ENABLE_MODULES = YES;
				CLANG_ENABLE_OBJC_ARC = YES;
				CLANG_WARN_BOOL_CONVERSION = YES;
				CLANG_WARN_CONSTANT_CONVERSION = YES;
				CLANG_WARN_DIRECT_OBJC_ISA_USAGE = YES_ERROR;
				CLANG_WARN_DOCUMENTATION_COMMENTS = YES;
				CLANG_WARN_EMPTY_BODY = YES;
				CLANG_WARN_ENUM_CONVERSION = YES;
				CLANG_WARN_INFINITE_RECURSION = YES;
				CLANG_WARN_INT_CONVERSION = YES;
				CLANG_WARN_OBJC_ROOT_CLASS = YES_ERROR;
				CLANG_WARN_SUSPICIOUS_MOVE = YES;
				CLANG_WARN_UNREACHABLE_CODE = YES;
				CLANG_WARN__DUPLICATE_METHOD_MATCH = YES;
				CODE_SIGN_IDENTITY = "-";
				COPY_PHASE_STRIP = NO;
				DEBUG_INFORMATION_FORMAT = "dwarf-with-dsym";
				ENABLE_NS_ASSERTIONS = NO;
				ENABLE_STRICT_OBJC_MSGSEND = YES;
				GCC_C_LANGUAGE_STANDARD = gnu99;
				GCC_NO_COMMON_BLOCKS = YES;
				GCC_WARN_64_TO_32_BIT_CONVERSION = YES;
				GCC_WARN_ABOUT_RETURN_TYPE = YES_ERROR;
				GCC_WARN_UNDECLARED_SELECTOR = YES;
				GCC_WARN_UNINITIALIZED_AUTOS = YES_AGGRESSIVE;
				GCC_WARN_UNUSED_FUNCTION = YES;
				GCC_WARN_UNUSED_VARIABLE = YES;
				MACOSX_DEPLOYMENT_TARGET = 10.12;
				MTL_ENABLE_DEBUG_INFO = NO;
				SDKROOT = macosx;
			};
			name = Release;
		};
		C6861D7D1E96E4E7008A0C2C /* Debug */ = {
			isa = XCBuildConfiguration;
			buildSettings = {
				DEVELOPMENT_TEAM = G9SC48NK42;
				EXECUTABLE_PREFIX = lib;
				PRODUCT_NAME = "$(TARGET_NAME)";
			};
			name = Debug;
		};
		C6861D7E1E96E4E7008A0C2C /* Release */ = {
			isa = XCBuildConfiguration;
			buildSettings = {
				DEVELOPMENT_TEAM = G9SC48NK42;
				EXECUTABLE_PREFIX = lib;
				PRODUCT_NAME = "$(TARGET_NAME)";
			};
			name = Release;
		};
		C6DB88581E984B6000B68692 /* Debug */ = {
			isa = XCBuildConfiguration;
			buildSettings = {
				COMBINE_HIDPI_IMAGES = YES;
				DEVELOPMENT_TEAM = G9SC48NK42;
				INFOPLIST_FILE = TCPSessionTests/Info.plist;
				LD_RUNPATH_SEARCH_PATHS = "$(inherited) @executable_path/../Frameworks @loader_path/../Frameworks";
				PRODUCT_BUNDLE_IDENTIFIER = tv.from.chajka.TCPSessionTests;
				PRODUCT_NAME = "$(TARGET_NAME)";
			};
			name = Debug;
		};
		C6DB88591E984B6000B68692 /* Release */ = {
			isa = XCBuildConfiguration;
			buildSettings = {
				COMBINE_HIDPI_IMAGES = YES;
				DEVELOPMENT_TEAM = G9SC48NK42;
				INFOPLIST_FILE = TCPSessionTests/Info.plist;
				LD_RUNPATH_SEARCH_PATHS = "$(inherited) @executable_path/../Frameworks @loader_path/../Frameworks";
				PRODUCT_BUNDLE_IDENTIFIER = tv.from.chajka.TCPSessionTests;
				PRODUCT_NAME = "$(TARGET_NAME)";
			};
			name = Release;
		};
/* End XCBuildConfiguration section */

/* Begin XCConfigurationList section */
		C6861D6E1E96E4E6008A0C2C /* Build configuration list for PBXProject "TCPSession" */ = {
			isa = XCConfigurationList;
			buildConfigurations = (
				C6861D7A1E96E4E7008A0C2C /* Debug */,
				C6861D7B1E96E4E7008A0C2C /* Release */,
			);
			defaultConfigurationIsVisible = 0;
			defaultConfigurationName = Release;
		};
		C6861D7C1E96E4E7008A0C2C /* Build configuration list for PBXNativeTarget "TCPSession" */ = {
			isa = XCConfigurationList;
			buildConfigurations = (
				C6861D7D1E96E4E7008A0C2C /* Debug */,
				C6861D7E1E96E4E7008A0C2C /* Release */,
			);
			defaultConfigurationIsVisible = 0;
			defaultConfigurationName = Release;
		};
		C6DB885A1E984B6000B68692 /* Build configuration list for PBXNativeTarget "TCPSessionTests" */ = {
			isa = XCConfigurationList;
			buildConfigurations = (
				C6DB88581E984B6000B68692 /* Debug */,
				C6DB88591E984B6000B68692 /* Release */,
			);
			defaultConfigurationIsVisible = 0;
		};
/* End XCConfigurationList section */
	};
	rootObject = C6861D6B1E96E4E6008A0C2C /* Project object */;
}
